
Microsoft Visual Studio Solution File, Format Version 12.00
# Visual Studio Version 16
VisualStudioVersion = 16.0.31005.135
MinimumVisualStudioVersion = 10.0.40219.1
Project("{9A19103F-16F7-4668-BE54-9A1E7A4F7556}") = "BethanysPieShop", "BethanysPieShop.csproj", "{C4FE640D-E8AB-4966-95C0-51E5DD7B9718}"
EndProject
Global
	GlobalSection(SolutionConfigurationPlatforms) = preSolution
		Debug|Any CPU = Debug|Any CPU
		Release|Any CPU = Release|Any CPU
	EndGlobalSection
	GlobalSection(ProjectConfigurationPlatforms) = postSolution
		{C4FE640D-E8AB-4966-95C0-51E5DD7B9718}.Debug|Any CPU.ActiveCfg = Debug|Any CPU
		{C4FE640D-E8AB-4966-95C0-51E5DD7B9718}.Debug|Any CPU.Build.0 = Debug|Any CPU
		{C4FE640D-E8AB-4966-95C0-51E5DD7B9718}.Release|Any CPU.ActiveCfg = Release|Any CPU
		{C4FE640D-E8AB-4966-95C0-51E5DD7B9718}.Release|Any CPU.Build.0 = Release|Any CPU
	EndGlobalSection
	GlobalSection(SolutionProperties) = preSolution
		HideSolutionNode = FALSE
	EndGlobalSection
	GlobalSection(ExtensibilityGlobals) = postSolution
		SolutionGuid = {741CB214-E02B-4A52-86FD-7CC95AEE9800}
	EndGlobalSection
EndGlobal
